
Microsoft Visual Studio Solution File, Format Version 12.00
# Visual Studio Version 17
VisualStudioVersion = 17.14.36518.9 d17.14
MinimumVisualStudioVersion = 10.0.40219.1
Project("{FAE04EC0-301F-11D3-BF4B-00C04F79EFBC}") = "ntp1", "ntp1.csproj", "{BFACA1EA-4E68-4033-B2F5-46C0AF543405}"
EndProject
Global
	GlobalSection(SolutionConfigurationPlatforms) = preSolution
		Debug|Any CPU = Debug|Any CPU
		Release|Any CPU = Release|Any CPU
	EndGlobalSection
	GlobalSection(ProjectConfigurationPlatforms) = postSolution
		{BFACA1EA-4E68-4033-B2F5-46C0AF543405}.Debug|Any CPU.ActiveCfg = Debug|Any CPU
		{BFACA1EA-4E68-4033-B2F5-46C0AF543405}.Debug|Any CPU.Build.0 = Debug|Any CPU
		{BFACA1EA-4E68-4033-B2F5-46C0AF543405}.Release|Any CPU.ActiveCfg = Release|Any CPU
		{BFACA1EA-4E68-4033-B2F5-46C0AF543405}.Release|Any CPU.Build.0 = Release|Any CPU
	EndGlobalSection
	GlobalSection(SolutionProperties) = preSolution
		HideSolutionNode = FALSE
	EndGlobalSection
	GlobalSection(ExtensibilityGlobals) = postSolution
		SolutionGuid = {8FEA8500-CF8E-458B-85EE-77BAB2DFD9F1}
	EndGlobalSection
EndGlobal
